Microsoft Visual Studio Solution File, Format Version 11.00
# Visual Studio 2010
Project("{FAE04EC0-301F-11D3-BF4B-00C04F79EFBC}") = "Q183035Sample.Module", "Q183035Sample.Module\Q183035Sample.Module.csproj", "{14B33845-B65E-4E4E-9582-FD0798501F3C}"
EndProject
Project("{FAE04EC0-301F-11D3-BF4B-00C04F79EFBC}") = "Q183035Sample.Module.Web", "Q183035Sample.Module.Web\Q183035Sample.Module.Web.csproj", "{7CA5DAF2-E5A9-4BB2-A9A4-AFC25E1BA6CC}"
EndProject
Project("{FAE04EC0-301F-11D3-BF4B-00C04F79EFBC}") = "Q183035Sample.Web", "Q183035Sample.Web\Q183035Sample.Web.csproj", "{7D4593AA-D1B7-4C5C-9C2B-BA4525AD5EAC}"
EndProject
Global
	GlobalSection(SolutionConfigurationPlatforms) = preSolution
		Debug|Any CPU = Debug|Any CPU
		Release|Any CPU = Release|Any CPU
	EndGlobalSection
	GlobalSection(ProjectConfigurationPlatforms) = postSolution
		{14B33845-B65E-4E4E-9582-FD0798501F3C}.Debug|Any CPU.ActiveCfg = Debug|Any CPU
		{14B33845-B65E-4E4E-9582-FD0798501F3C}.Debug|Any CPU.Build.0 = Debug|Any CPU
		{14B33845-B65E-4E4E-9582-FD0798501F3C}.Release|Any CPU.ActiveCfg = Release|Any CPU
		{14B33845-B65E-4E4E-9582-FD0798501F3C}.Release|Any CPU.Build.0 = Release|Any CPU
		{7CA5DAF2-E5A9-4BB2-A9A4-AFC25E1BA6CC}.Debug|Any CPU.ActiveCfg = Debug|Any CPU
		{7CA5DAF2-E5A9-4BB2-A9A4-AFC25E1BA6CC}.Debug|Any CPU.Build.0 = Debug|Any CPU
		{7CA5DAF2-E5A9-4BB2-A9A4-AFC25E1BA6CC}.Release|Any CPU.ActiveCfg = Release|Any CPU
		{7CA5DAF2-E5A9-4BB2-A9A4-AFC25E1BA6CC}.Release|Any CPU.Build.0 = Release|Any CPU
		{7D4593AA-D1B7-4C5C-9C2B-BA4525AD5EAC}.Debug|Any CPU.ActiveCfg = Debug|Any CPU
		{7D4593AA-D1B7-4C5C-9C2B-BA4525AD5EAC}.Debug|Any CPU.Build.0 = Debug|Any CPU
		{7D4593AA-D1B7-4C5C-9C2B-BA4525AD5EAC}.Release|Any CPU.ActiveCfg = Release|Any CPU
		{7D4593AA-D1B7-4C5C-9C2B-BA4525AD5EAC}.Release|Any CPU.Build.0 = Release|Any CPU
	EndGlobalSection
	GlobalSection(SolutionProperties) = preSolution
		HideSolutionNode = FALSE
	EndGlobalSection
EndGlobal
